// !$*UTF8*$!
{
	archiveVersion = 1;
	classes = {
	};
	objectVersion = 46;
	objects = {

/* Begin PBXBuildFile section */
		71452E159E6B45DA81E1FBC5 /* libPods-Specs.a in Frameworks */ = {isa = PBXBuildFile; fileRef = 75FEAE36AFD943C890DD4E70 /* libPods-Specs.a */; };
		756AE97419B9E6A300CEC7C4 /* Team.m in Sources */ = {isa = PBXBuildFile; fileRef = 756AE97319B9E6A300CEC7C4 /* Team.m */; };
		756AE9B619BA0C6900CEC7C4 /* GameInfoViewController.m in Sources */ = {isa = PBXBuildFile; fileRef = 756AE9B519BA0C6900CEC7C4 /* GameInfoViewController.m */; };
		ED143D6619C12988002E2EDD /* TopTeamService.m in Sources */ = {isa = PBXBuildFile; fileRef = ED143D6519C12988002E2EDD /* TopTeamService.m */; };
		ED143D6919C12A4F002E2EDD /* TopTeamServiceParser.m in Sources */ = {isa = PBXBuildFile; fileRef = ED143D6819C12A4E002E2EDD /* TopTeamServiceParser.m */; };
		ED143D6C19C13F63002E2EDD /* ScheduleService.m in Sources */ = {isa = PBXBuildFile; fileRef = ED143D6B19C13F63002E2EDD /* ScheduleService.m */; };
		ED143D6F19C13F7A002E2EDD /* ScheduleServiceParser.m in Sources */ = {isa = PBXBuildFile; fileRef = ED143D6E19C13F7A002E2EDD /* ScheduleServiceParser.m */; };
		ED143D7219C14A17002E2EDD /* AllTeamNamesService.m in Sources */ = {isa = PBXBuildFile; fileRef = ED143D7119C14A17002E2EDD /* AllTeamNamesService.m */; };
		ED143D7519C14A33002E2EDD /* AllTeamNamesServiceParser.m in Sources */ = {isa = PBXBuildFile; fileRef = ED143D7419C14A33002E2EDD /* AllTeamNamesServiceParser.m */; };
		ED143D7819C15A28002E2EDD /* TopTeamsJSON.json in Resources */ = {isa = PBXBuildFile; fileRef = ED143D7719C15A28002E2EDD /* TopTeamsJSON.json */; };
		ED143D7E19C15D0F002E2EDD /* TopTeamServiceParserSpec.mm in Sources */ = {isa = PBXBuildFile; fileRef = ED143D7D19C15D0F002E2EDD /* TopTeamServiceParserSpec.mm */; };
		ED143D7F19C2B49A002E2EDD /* TopTeamsJSON.json in Resources */ = {isa = PBXBuildFile; fileRef = ED143D7719C15A28002E2EDD /* TopTeamsJSON.json */; };
		ED143D8119C2B586002E2EDD /* ScheduleJSON.json in Resources */ = {isa = PBXBuildFile; fileRef = ED143D8019C2B586002E2EDD /* ScheduleJSON.json */; };
		ED143D8519C2B6A7002E2EDD /* ScheduleServiceParserSpec.mm in Sources */ = {isa = PBXBuildFile; fileRef = ED143D8419C2B6A7002E2EDD /* ScheduleServiceParserSpec.mm */; };
		ED143D8619C2B743002E2EDD /* ScheduleJSON.json in Resources */ = {isa = PBXBuildFile; fileRef = ED143D8019C2B586002E2EDD /* ScheduleJSON.json */; };
		ED143D8819C2BB05002E2EDD /* AllTeamNamesServiceParserSpec.mm in Sources */ = {isa = PBXBuildFile; fileRef = ED143D8719C2BB05002E2EDD /* AllTeamNamesServiceParserSpec.mm */; };
		ED143D8D19C2BD57002E2EDD /* AllTeamNamesJSON.json in Resources */ = {isa = PBXBuildFile; fileRef = ED143D8C19C2BD57002E2EDD /* AllTeamNamesJSON.json */; };
		ED143D8E19C2BD70002E2EDD /* AllTeamNamesJSON.json in Resources */ = {isa = PBXBuildFile; fileRef = ED143D8C19C2BD57002E2EDD /* AllTeamNamesJSON.json */; };
		ED4B34E219AE7DD500FF635F /* Foundation.framework in Frameworks */ = {isa = PBXBuildFile; fileRef = ED4B34E119AE7DD500FF635F /* Foundation.framework */; };
		ED4B34E419AE7DD500FF635F /* CoreGraphics.framework in Frameworks */ = {isa = PBXBuildFile; fileRef = ED4B34E319AE7DD500FF635F /* CoreGraphics.framework */; };
		ED4B34E619AE7DD500FF635F /* UIKit.framework in Frameworks */ = {isa = PBXBuildFile; fileRef = ED4B34E519AE7DD500FF635F /* UIKit.framework */; };
		ED4B34EC19AE7DD500FF635F /* InfoPlist.strings in Resources */ = {isa = PBXBuildFile; fileRef = ED4B34EA19AE7DD500FF635F /* InfoPlist.strings */; };
		ED4B34EE19AE7DD500FF635F /* main.m in Sources */ = {isa = PBXBuildFile; fileRef = ED4B34ED19AE7DD500FF635F /* main.m */; };
		ED4B34F219AE7DD500FF635F /* AppDelegate.m in Sources */ = {isa = PBXBuildFile; fileRef = ED4B34F119AE7DD500FF635F /* AppDelegate.m */; };
		ED4B34F419AE7DD500FF635F /* Images.xcassets in Resources */ = {isa = PBXBuildFile; fileRef = ED4B34F319AE7DD500FF635F /* Images.xcassets */; };
		ED96B87C19BFFE7400CC5398 /* SenTestingKit.framework in Frameworks */ = {isa = PBXBuildFile; fileRef = ED2A18AA19AEAB840013B692 /* SenTestingKit.framework */; };
		ED96B87D19BFFE7400CC5398 /* CoreGraphics.framework in Frameworks */ = {isa = PBXBuildFile; fileRef = ED4B34E319AE7DD500FF635F /* CoreGraphics.framework */; };
		ED96B87E19BFFE7400CC5398 /* UIKit.framework in Frameworks */ = {isa = PBXBuildFile; fileRef = ED4B34E519AE7DD500FF635F /* UIKit.framework */; };
		ED96B87F19BFFE7400CC5398 /* Foundation.framework in Frameworks */ = {isa = PBXBuildFile; fileRef = ED4B34E119AE7DD500FF635F /* Foundation.framework */; };
		ED96B88519BFFE7400CC5398 /* InfoPlist.strings in Resources */ = {isa = PBXBuildFile; fileRef = ED96B88319BFFE7400CC5398 /* InfoPlist.strings */; };
		EDAF699F19AEC96A002A65FA /* Main.storyboard in Resources */ = {isa = PBXBuildFile; fileRef = EDAF699E19AEC96A002A65FA /* Main.storyboard */; };
		EDAF69A219AED026002A65FA /* ScheduleListTableViewController.m in Sources */ = {isa = PBXBuildFile; fileRef = EDAF69A119AED026002A65FA /* ScheduleListTableViewController.m */; };
		EDAF69A519AEDC6B002A65FA /* ScheduledGame.m in Sources */ = {isa = PBXBuildFile; fileRef = EDAF69A419AEDC6B002A65FA /* ScheduledGame.m */; };
/* End PBXBuildFile section */

/* Begin PBXFileReference section */
		756AE97319B9E6A300CEC7C4 /* Team.m */ = {isa = PBXFileReference; fileEncoding = 4; lastKnownFileType = sourcecode.c.objc; path = Team.m; sourceTree = "<group>"; };
		756AE97519B9E6A900CEC7C4 /* Team.h */ = {isa = PBXFileReference; fileEncoding = 4; lastKnownFileType = sourcecode.c.h; path = Team.h; sourceTree = "<group>"; };
		756AE9B419BA0C6900CEC7C4 /* GameInfoViewController.h */ = {isa = PBXFileReference; fileEncoding = 4; lastKnownFileType = sourcecode.c.h; path = GameInfoViewController.h; sourceTree = "<group>"; };
		756AE9B519BA0C6900CEC7C4 /* GameInfoViewController.m */ = {isa = PBXFileReference; fileEncoding = 4; lastKnownFileType = sourcecode.c.objc; path = GameInfoViewController.m; sourceTree = "<group>"; };
		75FEAE36AFD943C890DD4E70 /* libPods-Specs.a */ = {isa = PBXFileReference; explicitFileType = archive.ar; includeInIndex = 0; path = "libPods-Specs.a"; sourceTree = BUILT_PRODUCTS_DIR; };
		B6A88E826B764163A94C2850 /* Pods-Specs.xcconfig */ = {isa = PBXFileReference; includeInIndex = 1; lastKnownFileType = text.xcconfig; name = "Pods-Specs.xcconfig"; path = "Pods/Pods-Specs.xcconfig"; sourceTree = "<group>"; };
		ED143D6419C12988002E2EDD /* TopTeamService.h */ = {isa = PBXFileReference; fileEncoding = 4; lastKnownFileType = sourcecode.c.h; path = TopTeamService.h; sourceTree = "<group>"; };
		ED143D6519C12988002E2EDD /* TopTeamService.m */ = {isa = PBXFileReference; fileEncoding = 4; lastKnownFileType = sourcecode.c.objc; path = TopTeamService.m; sourceTree = "<group>"; };
		ED143D6719C12A4E002E2EDD /* TopTeamServiceParser.h */ = {isa = PBXFileReference; fileEncoding = 4; lastKnownFileType = sourcecode.c.h; name = TopTeamServiceParser.h; path = Services/TopTeamServiceParser.h; sourceTree = "<group>"; };
		ED143D6819C12A4E002E2EDD /* TopTeamServiceParser.m */ = {isa = PBXFileReference; fileEncoding = 4; lastKnownFileType = sourcecode.c.objc; name = TopTeamServiceParser.m; path = Services/TopTeamServiceParser.m; sourceTree = "<group>"; };
		ED143D6A19C13F63002E2EDD /* ScheduleService.h */ = {isa = PBXFileReference; fileEncoding = 4; lastKnownFileType = sourcecode.c.h; name = ScheduleService.h; path = Services/ScheduleService.h; sourceTree = "<group>"; };
		ED143D6B19C13F63002E2EDD /* ScheduleService.m */ = {isa = PBXFileReference; fileEncoding = 4; lastKnownFileType = sourcecode.c.objc; name = ScheduleService.m; path = Services/ScheduleService.m; sourceTree = "<group>"; };
		ED143D6D19C13F7A002E2EDD /* ScheduleServiceParser.h */ = {isa = PBXFileReference; fileEncoding = 4; lastKnownFileType = sourcecode.c.h; name = ScheduleServiceParser.h; path = Services/ScheduleServiceParser.h; sourceTree = "<group>"; };
		ED143D6E19C13F7A002E2EDD /* ScheduleServiceParser.m */ = {isa = PBXFileReference; fileEncoding = 4; lastKnownFileType = sourcecode.c.objc; name = ScheduleServiceParser.m; path = Services/ScheduleServiceParser.m; sourceTree = "<group>"; };
		ED143D7019C14A17002E2EDD /* AllTeamNamesService.h */ = {isa = PBXFileReference; fileEncoding = 4; lastKnownFileType = sourcecode.c.h; name = AllTeamNamesService.h; path = Services/AllTeamNamesService.h; sourceTree = "<group>"; };
		ED143D7119C14A17002E2EDD /* AllTeamNamesService.m */ = {isa = PBXFileReference; fileEncoding = 4; lastKnownFileType = sourcecode.c.objc; name = AllTeamNamesService.m; path = Services/AllTeamNamesService.m; sourceTree = "<group>"; };
		ED143D7319C14A33002E2EDD /* AllTeamNamesServiceParser.h */ = {isa = PBXFileReference; fileEncoding = 4; lastKnownFileType = sourcecode.c.h; name = AllTeamNamesServiceParser.h; path = Services/AllTeamNamesServiceParser.h; sourceTree = "<group>"; };
		ED143D7419C14A33002E2EDD /* AllTeamNamesServiceParser.m */ = {isa = PBXFileReference; fileEncoding = 4; lastKnownFileType = sourcecode.c.objc; name = AllTeamNamesServiceParser.m; path = Services/AllTeamNamesServiceParser.m; sourceTree = "<group>"; };
		ED143D7719C15A28002E2EDD /* TopTeamsJSON.json */ = {isa = PBXFileReference; fileEncoding = 4; lastKnownFileType = text.json; name = TopTeamsJSON.json; path = Fixtures/TopTeamsJSON.json; sourceTree = "<group>"; };
		ED143D7D19C15D0F002E2EDD /* TopTeamServiceParserSpec.mm */ = {isa = PBXFileReference; fileEncoding = 4; lastKnownFileType = sourcecode.cpp.objcpp; name = TopTeamServiceParserSpec.mm; path = Services/TopTeamServiceParserSpec.mm; sourceTree = "<group>"; };
		ED143D8019C2B586002E2EDD /* ScheduleJSON.json */ = {isa = PBXFileReference; fileEncoding = 4; lastKnownFileType = text.json; path = ScheduleJSON.json; sourceTree = "<group>"; };
		ED143D8419C2B6A7002E2EDD /* ScheduleServiceParserSpec.mm */ = {isa = PBXFileReference; fileEncoding = 4; lastKnownFileType = sourcecode.cpp.objcpp; name = ScheduleServiceParserSpec.mm; path = Services/ScheduleServiceParserSpec.mm; sourceTree = "<group>"; };
		ED143D8719C2BB05002E2EDD /* AllTeamNamesServiceParserSpec.mm */ = {isa = PBXFileReference; fileEncoding = 4; lastKnownFileType = sourcecode.cpp.objcpp; name = AllTeamNamesServiceParserSpec.mm; path = Services/AllTeamNamesServiceParserSpec.mm; sourceTree = "<group>"; };
		ED143D8C19C2BD57002E2EDD /* AllTeamNamesJSON.json */ = {isa = PBXFileReference; fileEncoding = 4; lastKnownFileType = text.json; path = AllTeamNamesJSON.json; sourceTree = "<group>"; };
		ED2A18AA19AEAB840013B692 /* SenTestingKit.framework */ = {isa = PBXFileReference; lastKnownFileType = wrapper.framework; name = SenTestingKit.framework; path = Library/Frameworks/SenTestingKit.framework; sourceTree = DEVELOPER_DIR; };
		ED4B34DE19AE7DD500FF635F /* FootballSchedule.app */ = {isa = PBXFileReference; explicitFileType = wrapper.application; includeInIndex = 0; path = FootballSchedule.app; sourceTree = BUILT_PRODUCTS_DIR; };
		ED4B34E119AE7DD500FF635F /* Foundation.framework */ = {isa = PBXFileReference; lastKnownFileType = wrapper.framework; name = Foundation.framework; path = System/Library/Frameworks/Foundation.framework; sourceTree = SDKROOT; };
		ED4B34E319AE7DD500FF635F /* CoreGraphics.framework */ = {isa = PBXFileReference; lastKnownFileType = wrapper.framework; name = CoreGraphics.framework; path = System/Library/Frameworks/CoreGraphics.framework; sourceTree = SDKROOT; };
		ED4B34E519AE7DD500FF635F /* UIKit.framework */ = {isa = PBXFileReference; lastKnownFileType = wrapper.framework; name = UIKit.framework; path = System/Library/Frameworks/UIKit.framework; sourceTree = SDKROOT; };
		ED4B34E919AE7DD500FF635F /* FootballSchedule-Info.plist */ = {isa = PBXFileReference; lastKnownFileType = text.plist.xml; path = "FootballSchedule-Info.plist"; sourceTree = "<group>"; };
		ED4B34EB19AE7DD500FF635F /* en */ = {isa = PBXFileReference; lastKnownFileType = text.plist.strings; name = en; path = en.lproj/InfoPlist.strings; sourceTree = "<group>"; };
		ED4B34ED19AE7DD500FF635F /* main.m */ = {isa = PBXFileReference; lastKnownFileType = sourcecode.c.objc; path = main.m; sourceTree = "<group>"; };
		ED4B34EF19AE7DD500FF635F /* FootballSchedule-Prefix.pch */ = {isa = PBXFileReference; lastKnownFileType = sourcecode.c.h; path = "FootballSchedule-Prefix.pch"; sourceTree = "<group>"; };
		ED4B34F019AE7DD500FF635F /* AppDelegate.h */ = {isa = PBXFileReference; lastKnownFileType = sourcecode.c.h; path = AppDelegate.h; sourceTree = "<group>"; };
		ED4B34F119AE7DD500FF635F /* AppDelegate.m */ = {isa = PBXFileReference; lastKnownFileType = sourcecode.c.objc; path = AppDelegate.m; sourceTree = "<group>"; };
		ED4B34F319AE7DD500FF635F /* Images.xcassets */ = {isa = PBXFileReference; lastKnownFileType = folder.assetcatalog; path = Images.xcassets; sourceTree = "<group>"; };
		ED4B34FA19AE7DD500FF635F /* XCTest.framework */ = {isa = PBXFileReference; lastKnownFileType = wrapper.framework; name = XCTest.framework; path = Library/Frameworks/XCTest.framework; sourceTree = DEVELOPER_DIR; };
		ED96B87B19BFFE7400CC5398 /* Specs.octest */ = {isa = PBXFileReference; explicitFileType = wrapper.cfbundle; includeInIndex = 0; path = Specs.octest; sourceTree = BUILT_PRODUCTS_DIR; };
		ED96B88219BFFE7400CC5398 /* Specs-Info.plist */ = {isa = PBXFileReference; lastKnownFileType = text.plist.xml; path = "Specs-Info.plist"; sourceTree = "<group>"; };
		ED96B88419BFFE7400CC5398 /* en */ = {isa = PBXFileReference; lastKnownFileType = text.plist.strings; name = en; path = en.lproj/InfoPlist.strings; sourceTree = "<group>"; };
		ED96B88819BFFE7400CC5398 /* Rakefile */ = {isa = PBXFileReference; lastKnownFileType = text; path = Rakefile; sourceTree = "<group>"; };
		ED96B88919BFFE7400CC5398 /* Specs-Prefix.pch */ = {isa = PBXFileReference; lastKnownFileType = sourcecode.c.h; path = "Specs-Prefix.pch"; sourceTree = "<group>"; };
		EDAF699E19AEC96A002A65FA /* Main.storyboard */ = {isa = PBXFileReference; fileEncoding = 4; lastKnownFileType = file.storyboard; path = Main.storyboard; sourceTree = "<group>"; };
		EDAF69A019AED026002A65FA /* ScheduleListTableViewController.h */ = {isa = PBXFileReference; fileEncoding = 4; lastKnownFileType = sourcecode.c.h; path = ScheduleListTableViewController.h; sourceTree = "<group>"; };
		EDAF69A119AED026002A65FA /* ScheduleListTableViewController.m */ = {isa = PBXFileReference; fileEncoding = 4; lastKnownFileType = sourcecode.c.objc; path = ScheduleListTableViewController.m; sourceTree = "<group>"; };
		EDAF69A319AEDC6B002A65FA /* ScheduledGame.h */ = {isa = PBXFileReference; fileEncoding = 4; lastKnownFileType = sourcecode.c.h; name = ScheduledGame.h; path = ../ScheduledGame.h; sourceTree = "<group>"; };
		EDAF69A419AEDC6B002A65FA /* ScheduledGame.m */ = {isa = PBXFileReference; fileEncoding = 4; lastKnownFileType = sourcecode.c.objc; name = ScheduledGame.m; path = ../ScheduledGame.m; sourceTree = "<group>"; };
/* End PBXFileReference section */

/* Begin PBXFrameworksBuildPhase section */
		ED4B34DB19AE7DD500FF635F /* Frameworks */ = {
			isa = PBXFrameworksBuildPhase;
			buildActionMask = 2147483647;
			files = (
				ED4B34E419AE7DD500FF635F /* CoreGraphics.framework in Frameworks */,
				ED4B34E619AE7DD500FF635F /* UIKit.framework in Frameworks */,
				ED4B34E219AE7DD500FF635F /* Foundation.framework in Frameworks */,
			);
			runOnlyForDeploymentPostprocessing = 0;
		};
		ED96B87719BFFE7400CC5398 /* Frameworks */ = {
			isa = PBXFrameworksBuildPhase;
			buildActionMask = 2147483647;
			files = (
				ED96B87D19BFFE7400CC5398 /* CoreGraphics.framework in Frameworks */,
				ED96B87E19BFFE7400CC5398 /* UIKit.framework in Frameworks */,
				ED96B87C19BFFE7400CC5398 /* SenTestingKit.framework in Frameworks */,
				ED96B87F19BFFE7400CC5398 /* Foundation.framework in Frameworks */,
				71452E159E6B45DA81E1FBC5 /* libPods-Specs.a in Frameworks */,
			);
			runOnlyForDeploymentPostprocessing = 0;
		};
/* End PBXFrameworksBuildPhase section */

/* Begin PBXGroup section */
		ED143D6019C1285A002E2EDD /* ViewControllers */ = {
			isa = PBXGroup;
			children = (
			);
			name = ViewControllers;
			sourceTree = "<group>";
		};
		ED143D6219C12878002E2EDD /* Services */ = {
			isa = PBXGroup;
			children = (
				ED143D7D19C15D0F002E2EDD /* TopTeamServiceParserSpec.mm */,
				ED143D8419C2B6A7002E2EDD /* ScheduleServiceParserSpec.mm */,
				ED143D8719C2BB05002E2EDD /* AllTeamNamesServiceParserSpec.mm */,
			);
			name = Services;
			sourceTree = "<group>";
		};
		ED143D6319C12883002E2EDD /* Models */ = {
			isa = PBXGroup;
			children = (
			);
			name = Models;
			sourceTree = "<group>";
		};
		ED143D7619C159DB002E2EDD /* Fixtures */ = {
			isa = PBXGroup;
			children = (
				ED143D7719C15A28002E2EDD /* TopTeamsJSON.json */,
				ED143D8019C2B586002E2EDD /* ScheduleJSON.json */,
				ED143D8C19C2BD57002E2EDD /* AllTeamNamesJSON.json */,
			);
			name = Fixtures;
			sourceTree = "<group>";
		};
		ED4B34D519AE7DD500FF635F = {
			isa = PBXGroup;
			children = (
				ED4B34E719AE7DD500FF635F /* FootballSchedule */,
				ED96B88019BFFE7400CC5398 /* Specs */,
				ED4B34E019AE7DD500FF635F /* Frameworks */,
				ED4B34DF19AE7DD500FF635F /* Products */,
				B6A88E826B764163A94C2850 /* Pods-Specs.xcconfig */,
			);
			sourceTree = "<group>";
		};
		ED4B34DF19AE7DD500FF635F /* Products */ = {
			isa = PBXGroup;
			children = (
				ED4B34DE19AE7DD500FF635F /* FootballSchedule.app */,
				ED96B87B19BFFE7400CC5398 /* Specs.octest */,
			);
			name = Products;
			sourceTree = "<group>";
		};
		ED4B34E019AE7DD500FF635F /* Frameworks */ = {
			isa = PBXGroup;
			children = (
				ED4B34E119AE7DD500FF635F /* Foundation.framework */,
				ED4B34E319AE7DD500FF635F /* CoreGraphics.framework */,
				ED4B34E519AE7DD500FF635F /* UIKit.framework */,
				ED4B34FA19AE7DD500FF635F /* XCTest.framework */,
				ED2A18AA19AEAB840013B692 /* SenTestingKit.framework */,
				75FEAE36AFD943C890DD4E70 /* libPods-Specs.a */,
			);
			name = Frameworks;
			sourceTree = "<group>";
		};
		ED4B34E719AE7DD500FF635F /* FootballSchedule */ = {
			isa = PBXGroup;
			children = (
				ED96B84519BFF7C100CC5398 /* ViewControllers */,
				ED96B84619BFF8BC00CC5398 /* Models */,
				ED96B84719BFF8C600CC5398 /* Services */,
				ED4B34F019AE7DD500FF635F /* AppDelegate.h */,
				ED4B34F119AE7DD500FF635F /* AppDelegate.m */,
				EDAF699E19AEC96A002A65FA /* Main.storyboard */,
				ED4B34F319AE7DD500FF635F /* Images.xcassets */,
				ED4B34E819AE7DD500FF635F /* Supporting Files */,
			);
			path = FootballSchedule;
			sourceTree = "<group>";
		};
		ED4B34E819AE7DD500FF635F /* Supporting Files */ = {
			isa = PBXGroup;
			children = (
				ED4B34E919AE7DD500FF635F /* FootballSchedule-Info.plist */,
				ED4B34EA19AE7DD500FF635F /* InfoPlist.strings */,
				ED4B34ED19AE7DD500FF635F /* main.m */,
				ED4B34EF19AE7DD500FF635F /* FootballSchedule-Prefix.pch */,
			);
			name = "Supporting Files";
			sourceTree = "<group>";
		};
		ED96B84519BFF7C100CC5398 /* ViewControllers */ = {
			isa = PBXGroup;
			children = (
				756AE9B419BA0C6900CEC7C4 /* GameInfoViewController.h */,
				756AE9B519BA0C6900CEC7C4 /* GameInfoViewController.m */,
				EDAF69A019AED026002A65FA /* ScheduleListTableViewController.h */,
				EDAF69A119AED026002A65FA /* ScheduleListTableViewController.m */,
			);
			name = ViewControllers;
			sourceTree = "<group>";
		};
		ED96B84619BFF8BC00CC5398 /* Models */ = {
			isa = PBXGroup;
			children = (
				EDAF69A419AEDC6B002A65FA /* ScheduledGame.m */,
				EDAF69A319AEDC6B002A65FA /* ScheduledGame.h */,
				756AE97519B9E6A900CEC7C4 /* Team.h */,
				756AE97319B9E6A300CEC7C4 /* Team.m */,
			);
			name = Models;
			sourceTree = "<group>";
		};
		ED96B84719BFF8C600CC5398 /* Services */ = {
			isa = PBXGroup;
			children = (
				ED143D6419C12988002E2EDD /* TopTeamService.h */,
				ED143D6519C12988002E2EDD /* TopTeamService.m */,
				ED143D6819C12A4E002E2EDD /* TopTeamServiceParser.m */,
				ED143D6719C12A4E002E2EDD /* TopTeamServiceParser.h */,
				ED143D6A19C13F63002E2EDD /* ScheduleService.h */,
				ED143D6B19C13F63002E2EDD /* ScheduleService.m */,
				ED143D6D19C13F7A002E2EDD /* ScheduleServiceParser.h */,
				ED143D6E19C13F7A002E2EDD /* ScheduleServiceParser.m */,
				ED143D7019C14A17002E2EDD /* AllTeamNamesService.h */,
				ED143D7119C14A17002E2EDD /* AllTeamNamesService.m */,
				ED143D7319C14A33002E2EDD /* AllTeamNamesServiceParser.h */,
				ED143D7419C14A33002E2EDD /* AllTeamNamesServiceParser.m */,
			);
			name = Services;
			sourceTree = "<group>";
		};
		ED96B88019BFFE7400CC5398 /* Specs */ = {
			isa = PBXGroup;
			children = (
				ED143D7619C159DB002E2EDD /* Fixtures */,
				ED143D6019C1285A002E2EDD /* ViewControllers */,
				ED143D6319C12883002E2EDD /* Models */,
				ED143D6219C12878002E2EDD /* Services */,
				ED96B88819BFFE7400CC5398 /* Rakefile */,
				ED96B88119BFFE7400CC5398 /* Supporting Files */,
			);
			path = Specs;
			sourceTree = "<group>";
		};
		ED96B88119BFFE7400CC5398 /* Supporting Files */ = {
			isa = PBXGroup;
			children = (
				ED96B88219BFFE7400CC5398 /* Specs-Info.plist */,
				ED96B88319BFFE7400CC5398 /* InfoPlist.strings */,
				ED96B88919BFFE7400CC5398 /* Specs-Prefix.pch */,
			);
			name = "Supporting Files";
			sourceTree = "<group>";
		};
/* End PBXGroup section */

/* Begin PBXNativeTarget section */
		ED4B34DD19AE7DD500FF635F /* FootballSchedule */ = {
			isa = PBXNativeTarget;
			buildConfigurationList = ED4B350A19AE7DD500FF635F /* Build configuration list for PBXNativeTarget "FootballSchedule" */;
			buildPhases = (
				ED4B34DA19AE7DD500FF635F /* Sources */,
				ED4B34DB19AE7DD500FF635F /* Frameworks */,
				ED4B34DC19AE7DD500FF635F /* Resources */,
			);
			buildRules = (
			);
			dependencies = (
			);
			name = FootballSchedule;
			productName = FootballSchedule;
			productReference = ED4B34DE19AE7DD500FF635F /* FootballSchedule.app */;
			productType = "com.apple.product-type.application";
		};
		ED96B87A19BFFE7400CC5398 /* Specs */ = {
			isa = PBXNativeTarget;
			buildConfigurationList = ED96B88A19BFFE7400CC5398 /* Build configuration list for PBXNativeTarget "Specs" */;
			buildPhases = (
				A7BC64C0664B4BC9A2448076 /* Check Pods Manifest.lock */,
				ED96B87619BFFE7400CC5398 /* Sources */,
				ED96B87719BFFE7400CC5398 /* Frameworks */,
				ED96B87819BFFE7400CC5398 /* Resources */,
				ED96B87919BFFE7400CC5398 /* ShellScript */,
				202C4957C4A84352B3642DCF /* Copy Pods Resources */,
			);
			buildRules = (
			);
			dependencies = (
			);
			name = Specs;
			productName = Specs;
			productReference = ED96B87B19BFFE7400CC5398 /* Specs.octest */;
			productType = "com.apple.product-type.bundle";
		};
/* End PBXNativeTarget section */

/* Begin PBXProject section */
		ED4B34D619AE7DD500FF635F /* Project object */ = {
			isa = PBXProject;
			attributes = {
				LastUpgradeCheck = 0510;
			};
			buildConfigurationList = ED4B34D919AE7DD500FF635F /* Build configuration list for PBXProject "FootballSchedule" */;
			compatibilityVersion = "Xcode 3.2";
			developmentRegion = English;
			hasScannedForEncodings = 0;
			knownRegions = (
				en,
			);
			mainGroup = ED4B34D519AE7DD500FF635F;
			productRefGroup = ED4B34DF19AE7DD500FF635F /* Products */;
			projectDirPath = "";
			projectRoot = "";
			targets = (
				ED4B34DD19AE7DD500FF635F /* FootballSchedule */,
				ED96B87A19BFFE7400CC5398 /* Specs */,
			);
		};
/* End PBXProject section */

/* Begin PBXResourcesBuildPhase section */
		ED4B34DC19AE7DD500FF635F /* Resources */ = {
			isa = PBXResourcesBuildPhase;
			buildActionMask = 2147483647;
			files = (
				ED143D8E19C2BD70002E2EDD /* AllTeamNamesJSON.json in Resources */,
				ED143D8619C2B743002E2EDD /* ScheduleJSON.json in Resources */,
				ED143D7F19C2B49A002E2EDD /* TopTeamsJSON.json in Resources */,
				EDAF699F19AEC96A002A65FA /* Main.storyboard in Resources */,
				ED4B34EC19AE7DD500FF635F /* InfoPlist.strings in Resources */,
				ED4B34F419AE7DD500FF635F /* Images.xcassets in Resources */,
			);
			runOnlyForDeploymentPostprocessing = 0;
		};
		ED96B87819BFFE7400CC5398 /* Resources */ = {
			isa = PBXResourcesBuildPhase;
			buildActionMask = 2147483647;
			files = (
				ED143D8119C2B586002E2EDD /* ScheduleJSON.json in Resources */,
				ED143D7819C15A28002E2EDD /* TopTeamsJSON.json in Resources */,
				ED96B88519BFFE7400CC5398 /* InfoPlist.strings in Resources */,
				ED143D8D19C2BD57002E2EDD /* AllTeamNamesJSON.json in Resources */,
			);
			runOnlyForDeploymentPostprocessing = 0;
		};
/* End PBXResourcesBuildPhase section */

/* Begin PBXShellScriptBuildPhase section */
		202C4957C4A84352B3642DCF /* Copy Pods Resources */ = {
			isa = PBXShellScriptBuildPhase;
			buildActionMask = 2147483647;
			files = (
			);
			inputPaths = (
			);
			name = "Copy Pods Resources";
			outputPaths = (
			);
			runOnlyForDeploymentPostprocessing = 0;
			shellPath = /bin/sh;
			shellScript = "\"${SRCROOT}/Pods/Pods-Specs-resources.sh\"\n";
			showEnvVarsInLog = 0;
		};
		A7BC64C0664B4BC9A2448076 /* Check Pods Manifest.lock */ = {
			isa = PBXShellScriptBuildPhase;
			buildActionMask = 2147483647;
			files = (
			);
			inputPaths = (
			);
			name = "Check Pods Manifest.lock";
			outputPaths = (
			);
			runOnlyForDeploymentPostprocessing = 0;
			shellPath = /bin/sh;
			shellScript = "diff \"${PODS_ROOT}/../Podfile.lock\" \"${PODS_ROOT}/Manifest.lock\" > /dev/null\nif [[ $? != 0 ]] ; then\n    cat << EOM\nerror: The sandbox is not in sync with the Podfile.lock. Run 'pod install' or update your CocoaPods installation.\nEOM\n    exit 1\nfi\n";
			showEnvVarsInLog = 0;
		};
		ED96B87919BFFE7400CC5398 /* ShellScript */ = {
			isa = PBXShellScriptBuildPhase;
			buildActionMask = 2147483647;
			files = (
			);
			inputPaths = (
			);
			outputPaths = (
			);
			runOnlyForDeploymentPostprocessing = 0;
			shellPath = /bin/sh;
			shellScript = "# Run the unit tests in this test bundle.\n\"${SYSTEM_DEVELOPER_DIR}/Tools/RunUnitTests\"\n";
		};
/* End PBXShellScriptBuildPhase section */

/* Begin PBXSourcesBuildPhase section */
		ED4B34DA19AE7DD500FF635F /* Sources */ = {
			isa = PBXSourcesBuildPhase;
			buildActionMask = 2147483647;
			files = (
				756AE97419B9E6A300CEC7C4 /* Team.m in Sources */,
				ED143D6919C12A4F002E2EDD /* TopTeamServiceParser.m in Sources */,
				ED4B34F219AE7DD500FF635F /* AppDelegate.m in Sources */,
				ED143D6F19C13F7A002E2EDD /* ScheduleServiceParser.m in Sources */,
				EDAF69A519AEDC6B002A65FA /* ScheduledGame.m in Sources */,
				ED143D7219C14A17002E2EDD /* AllTeamNamesService.m in Sources */,
				ED143D6C19C13F63002E2EDD /* ScheduleService.m in Sources */,
				EDAF69A219AED026002A65FA /* ScheduleListTableViewController.m in Sources */,
				ED143D7519C14A33002E2EDD /* AllTeamNamesServiceParser.m in Sources */,
				ED143D6619C12988002E2EDD /* TopTeamService.m in Sources */,
				756AE9B619BA0C6900CEC7C4 /* GameInfoViewController.m in Sources */,
				ED4B34EE19AE7DD500FF635F /* main.m in Sources */,
			);
			runOnlyForDeploymentPostprocessing = 0;
		};
		ED96B87619BFFE7400CC5398 /* Sources */ = {
			isa = PBXSourcesBuildPhase;
			buildActionMask = 2147483647;
			files = (
				ED143D8519C2B6A7002E2EDD /* ScheduleServiceParserSpec.mm in Sources */,
				ED143D7E19C15D0F002E2EDD /* TopTeamServiceParserSpec.mm in Sources */,
				ED143D8819C2BB05002E2EDD /* AllTeamNamesServiceParserSpec.mm in Sources */,
			);
			runOnlyForDeploymentPostprocessing = 0;
		};
/* End PBXSourcesBuildPhase section */

/* Begin PBXVariantGroup section */
		ED4B34EA19AE7DD500FF635F /* InfoPlist.strings */ = {
			isa = PBXVariantGroup;
			children = (
				ED4B34EB19AE7DD500FF635F /* en */,
			);
			name = InfoPlist.strings;
			sourceTree = "<group>";
		};
		ED96B88319BFFE7400CC5398 /* InfoPlist.strings */ = {
			isa = PBXVariantGroup;
			children = (
				ED96B88419BFFE7400CC5398 /* en */,
			);
			name = InfoPlist.strings;
			sourceTree = "<group>";
		};
/* End PBXVariantGroup section */

/* Begin XCBuildConfiguration section */
		ED4B350819AE7DD500FF635F /* Debug */ = {
			isa = XCBuildConfiguration;
			buildSettings = {
				ALWAYS_SEARCH_USER_PATHS = NO;
				CLANG_CXX_LANGUAGE_STANDARD = "gnu++0x";
				CLANG_CXX_LIBRARY = "libc++";
				CLANG_ENABLE_MODULES = YES;
				CLANG_ENABLE_OBJC_ARC = YES;
				CLANG_WARN_BOOL_CONVERSION = YES;
				CLANG_WARN_CONSTANT_CONVERSION = YES;
				CLANG_WARN_DIRECT_OBJC_ISA_USAGE = YES_ERROR;
				CLANG_WARN_EMPTY_BODY = YES;
				CLANG_WARN_ENUM_CONVERSION = YES;
				CLANG_WARN_INT_CONVERSION = YES;
				CLANG_WARN_OBJC_ROOT_CLASS = YES_ERROR;
				CLANG_WARN__DUPLICATE_METHOD_MATCH = YES;
				"CODE_SIGN_IDENTITY[sdk=iphoneos*]" = "iPhone Developer";
				COPY_PHASE_STRIP = NO;
				GCC_C_LANGUAGE_STANDARD = gnu99;
				GCC_DYNAMIC_NO_PIC = NO;
				GCC_OPTIMIZATION_LEVEL = 0;
				GCC_PREPROCESSOR_DEFINITIONS = (
					"DEBUG=1",
					"$(inherited)",
				);
				GCC_SYMBOLS_PRIVATE_EXTERN = NO;
				GCC_WARN_64_TO_32_BIT_CONVERSION = YES;
				GCC_WARN_ABOUT_RETURN_TYPE = YES_ERROR;
				GCC_WARN_UNDECLARED_SELECTOR = YES;
				GCC_WARN_UNINITIALIZED_AUTOS = YES_AGGRESSIVE;
				GCC_WARN_UNUSED_FUNCTION = YES;
				GCC_WARN_UNUSED_VARIABLE = YES;
				IPHONEOS_DEPLOYMENT_TARGET = 7.1;
				ONLY_ACTIVE_ARCH = YES;
				SDKROOT = iphoneos;
			};
			name = Debug;
		};
		ED4B350919AE7DD500FF635F /* Release */ = {
			isa = XCBuildConfiguration;
			buildSettings = {
				ALWAYS_SEARCH_USER_PATHS = NO;
				CLANG_CXX_LANGUAGE_STANDARD = "gnu++0x";
				CLANG_CXX_LIBRARY = "libc++";
				CLANG_ENABLE_MODULES = YES;
				CLANG_ENABLE_OBJC_ARC = YES;
				CLANG_WARN_BOOL_CONVERSION = YES;
				CLANG_WARN_CONSTANT_CONVERSION = YES;
				CLANG_WARN_DIRECT_OBJC_ISA_USAGE = YES_ERROR;
				CLANG_WARN_EMPTY_BODY = YES;
				CLANG_WARN_ENUM_CONVERSION = YES;
				CLANG_WARN_INT_CONVERSION = YES;
				CLANG_WARN_OBJC_ROOT_CLASS = YES_ERROR;
				CLANG_WARN__DUPLICATE_METHOD_MATCH = YES;
				"CODE_SIGN_IDENTITY[sdk=iphoneos*]" = "iPhone Developer";
				COPY_PHASE_STRIP = YES;
				ENABLE_NS_ASSERTIONS = NO;
				GCC_C_LANGUAGE_STANDARD = gnu99;
				GCC_WARN_64_TO_32_BIT_CONVERSION = YES;
				GCC_WARN_ABOUT_RETURN_TYPE = YES_ERROR;
				GCC_WARN_UNDECLARED_SELECTOR = YES;
				GCC_WARN_UNINITIALIZED_AUTOS = YES_AGGRESSIVE;
				GCC_WARN_UNUSED_FUNCTION = YES;
				GCC_WARN_UNUSED_VARIABLE = YES;
				IPHONEOS_DEPLOYMENT_TARGET = 7.1;
				SDKROOT = iphoneos;
				VALIDATE_PRODUCT = YES;
			};
			name = Release;
		};
		ED4B350B19AE7DD500FF635F /* Debug */ = {
			isa = XCBuildConfiguration;
			buildSettings = {
				ASSETCATALOG_COMPILER_APPICON_NAME = AppIcon;
				ASSETCATALOG_COMPILER_LAUNCHIMAGE_NAME = LaunchImage;
				FRAMEWORK_SEARCH_PATHS = (
					"$(inherited)",
					"$(PROJECT_DIR)/Specs/Frameworks",
				);
				GCC_PRECOMPILE_PREFIX_HEADER = YES;
				GCC_PREFIX_HEADER = "FootballSchedule/FootballSchedule-Prefix.pch";
				INFOPLIST_FILE = "FootballSchedule/FootballSchedule-Info.plist";
				PRODUCT_NAME = "$(TARGET_NAME)";
				WRAPPER_EXTENSION = app;
			};
			name = Debug;
		};
		ED4B350C19AE7DD500FF635F /* Release */ = {
			isa = XCBuildConfiguration;
			buildSettings = {
				ASSETCATALOG_COMPILER_APPICON_NAME = AppIcon;
				ASSETCATALOG_COMPILER_LAUNCHIMAGE_NAME = LaunchImage;
				FRAMEWORK_SEARCH_PATHS = (
					"$(inherited)",
					"$(PROJECT_DIR)/Specs/Frameworks",
				);
				GCC_PRECOMPILE_PREFIX_HEADER = YES;
				GCC_PREFIX_HEADER = "FootballSchedule/FootballSchedule-Prefix.pch";
				INFOPLIST_FILE = "FootballSchedule/FootballSchedule-Info.plist";
				PRODUCT_NAME = "$(TARGET_NAME)";
				WRAPPER_EXTENSION = app;
			};
			name = Release;
		};
		ED96B88B19BFFE7400CC5398 /* Debug */ = {
			isa = XCBuildConfiguration;
			baseConfigurationReference = B6A88E826B764163A94C2850 /* Pods-Specs.xcconfig */;
			buildSettings = {
				BUNDLE_LOADER = "$(BUILT_PRODUCTS_DIR)/FootballSchedule.app/FootballSchedule";
				FRAMEWORK_SEARCH_PATHS = (
					"$(SDKROOT)/Developer/Library/Frameworks",
					"$(DEVELOPER_LIBRARY_DIR)/Frameworks",
					"$(DEVELOPER_FRAMEWORKS_DIR)",
				);
				GCC_PRECOMPILE_PREFIX_HEADER = YES;
				GCC_PREFIX_HEADER = "Specs/Specs-Prefix.pch";
				GCC_PREPROCESSOR_DEFINITIONS = (
					"DEBUG=1",
					"$(inherited)",
				);
				INFOPLIST_FILE = "Specs/Specs-Info.plist";
				OTHER_LDFLAGS = (
					"-ObjC",
					"-all_load",
					"-lstdc++",
				);
				PRODUCT_NAME = "$(TARGET_NAME)";
				TEST_HOST = "$(BUNDLE_LOADER)";
				WRAPPER_EXTENSION = octest;
			};
			name = Debug;
		};
		ED96B88C19BFFE7400CC5398 /* Release */ = {
			isa = XCBuildConfiguration;
			baseConfigurationReference = B6A88E826B764163A94C2850 /* Pods-Specs.xcconfig */;
			buildSettings = {
				BUNDLE_LOADER = "$(BUILT_PRODUCTS_DIR)/FootballSchedule.app/FootballSchedule";
				FRAMEWORK_SEARCH_PATHS = (
					"$(SDKROOT)/Developer/Library/Frameworks",
					"$(DEVELOPER_LIBRARY_DIR)/Frameworks",
					"$(DEVELOPER_FRAMEWORKS_DIR)",
				);
				GCC_PRECOMPILE_PREFIX_HEADER = YES;
				GCC_PREFIX_HEADER = "Specs/Specs-Prefix.pch";
				INFOPLIST_FILE = "Specs/Specs-Info.plist";
				OTHER_LDFLAGS = (
					"-ObjC",
					"-all_load",
					"-lstdc++",
				);
				PRODUCT_NAME = "$(TARGET_NAME)";
				TEST_HOST = "$(BUNDLE_LOADER)";
				WRAPPER_EXTENSION = octest;
			};
			name = Release;
		};
/* End XCBuildConfiguration section */

/* Begin XCConfigurationList section */
		ED4B34D919AE7DD500FF635F /* Build configuration list for PBXProject "FootballSchedule" */ = {
			isa = XCConfigurationList;
			buildConfigurations = (
				ED4B350819AE7DD500FF635F /* Debug */,
				ED4B350919AE7DD500FF635F /* Release */,
			);
			defaultConfigurationIsVisible = 0;
			defaultConfigurationName = Release;
		};
		ED4B350A19AE7DD500FF635F /* Build configuration list for PBXNativeTarget "FootballSchedule" */ = {
			isa = XCConfigurationList;
			buildConfigurations = (
				ED4B350B19AE7DD500FF635F /* Debug */,
				ED4B350C19AE7DD500FF635F /* Release */,
			);
			defaultConfigurationIsVisible = 0;
			defaultConfigurationName = Release;
		};
		ED96B88A19BFFE7400CC5398 /* Build configuration list for PBXNativeTarget "Specs" */ = {
			isa = XCConfigurationList;
			buildConfigurations = (
				ED96B88B19BFFE7400CC5398 /* Debug */,
				ED96B88C19BFFE7400CC5398 /* Release */,
			);
			defaultConfigurationIsVisible = 0;
			defaultConfigurationName = Release;
		};
/* End XCConfigurationList section */
	};
	rootObject = ED4B34D619AE7DD500FF635F /* Project object */;
}
